
Microsoft Visual Studio Solution File, Format Version 12.00
# Visual Studio Version 17
VisualStudioVersion = 17.3.32922.545
MinimumVisualStudioVersion = 10.0.40219.1
Project("{FAE04EC0-301F-11D3-BF4B-00C04F79EFBC}") = "interfaces", "interfaces\interfaces.csproj", "{418F1CCB-B3A6-4A47-B768-6EE4D2C5FE9B}"
EndProject
Global
	GlobalSection(SolutionConfigurationPlatforms) = preSolution
		Debug|Any CPU = Debug|Any CPU
		Release|Any CPU = Release|Any CPU
	EndGlobalSection
	GlobalSection(ProjectConfigurationPlatforms) = postSolution
		{418F1CCB-B3A6-4A47-B768-6EE4D2C5FE9B}.Debug|Any CPU.ActiveCfg = Debug|Any CPU
		{418F1CCB-B3A6-4A47-B768-6EE4D2C5FE9B}.Debug|Any CPU.Build.0 = Debug|Any CPU
		{418F1CCB-B3A6-4A47-B768-6EE4D2C5FE9B}.Release|Any CPU.ActiveCfg = Release|Any CPU
		{418F1CCB-B3A6-4A47-B768-6EE4D2C5FE9B}.Release|Any CPU.Build.0 = Release|Any CPU
	EndGlobalSection
	GlobalSection(SolutionProperties) = preSolution
		HideSolutionNode = FALSE
	EndGlobalSection
	GlobalSection(ExtensibilityGlobals) = postSolution
		SolutionGuid = {79DF1A6B-1A96-4D05-A963-F5998A72A15A}
	EndGlobalSection
EndGlobal
